{
      "name": "m-weixin-utils",
      "version": "1.0.28",
      "lockfileVersion": 2,
      "requires": true,
      "packages": {
            "": {
                  "name": "m-weixin-utils",
                  "version": "1.0.28",
                  "license": "ISC",
                  "dependencies": {
                        "crypto-js": "^4.1.1",
                        "js-base64": "^3.7.2",
                        "moment": "^2.29.4"
                  }
            },
            "node_modules/crypto-js": {
                  "version": "4.1.1",
                  "resolved": "https://registry.npmjs.org/crypto-js/-/crypto-js-4.1.1.tgz",
                  "integrity": "sha512-o2JlM7ydqd3Qk9CA0L4NL6mTzU2sdx96a+oOfPu8Mkl/PK51vSyoi8/rQ8NknZtk44vq15lmhAj9CIAGwgeWKw=="
            },
            "node_modules/js-base64": {
                  "version": "3.7.3",
                  "resolved": "https://registry.npmjs.org/js-base64/-/js-base64-3.7.3.tgz",
                  "integrity": "sha512-PAr6Xg2jvd7MCR6Ld9Jg3BmTcjYsHEBx1VlwEwULb/qowPf5VD9kEMagj23Gm7JRnSvE/Da/57nChZjnvL8v6A=="
            },
            "node_modules/moment": {
                  "version": "2.29.4",
                  "resolved": "https://registry.npmjs.org/moment/-/moment-2.29.4.tgz",
                  "integrity": "sha512-5LC9SOxjSc2HF6vO2CyuTDNivEdoz2IvyJJGj6X8DJ0eFyfszE0QiEd+iXmBvUP3WHxSjFH/vIsA0EN00cgr8w==",
                  "engines": {
                        "node": "*"
                  }
            }
      },
      "dependencies": {
            "crypto-js": {
                  "version": "4.1.1",
                  "resolved": "https://registry.npmjs.org/crypto-js/-/crypto-js-4.1.1.tgz",
                  "integrity": "sha512-o2JlM7ydqd3Qk9CA0L4NL6mTzU2sdx96a+oOfPu8Mkl/PK51vSyoi8/rQ8NknZtk44vq15lmhAj9CIAGwgeWKw=="
            },
            "js-base64": {
                  "version": "3.7.3",
                  "resolved": "https://registry.npmjs.org/js-base64/-/js-base64-3.7.3.tgz",
                  "integrity": "sha512-PAr6Xg2jvd7MCR6Ld9Jg3BmTcjYsHEBx1VlwEwULb/qowPf5VD9kEMagj23Gm7JRnSvE/Da/57nChZjnvL8v6A=="
            },
            "moment": {
                  "version": "2.29.4",
                  "resolved": "https://registry.npmjs.org/moment/-/moment-2.29.4.tgz",
                  "integrity": "sha512-5LC9SOxjSc2HF6vO2CyuTDNivEdoz2IvyJJGj6X8DJ0eFyfszE0QiEd+iXmBvUP3WHxSjFH/vIsA0EN00cgr8w=="
            }
      }
}
